
Microsoft Visual Studio Solution File, Format Version 12.00
# Visual Studio Version 18
VisualStudioVersion = 18.5.11716.220
MinimumVisualStudioVersion = 10.0.40219.1
Project("{FAE04EC0-301F-11D3-BF4B-00C04F79EFBC}") = "Bachelor's Point", "Bachelor's Point.csproj", "{387B6F9C-056D-6452-685E-B3732D9A7173}"
EndProject
Global
	GlobalSection(SolutionConfigurationPlatforms) = preSolution
		Debug|Any CPU = Debug|Any CPU
		Release|Any CPU = Release|Any CPU
	EndGlobalSection
	GlobalSection(ProjectConfigurationPlatforms) = postSolution
		{387B6F9C-056D-6452-685E-B3732D9A7173}.Debug|Any CPU.ActiveCfg = Debug|Any CPU
		{387B6F9C-056D-6452-685E-B3732D9A7173}.Debug|Any CPU.Build.0 = Debug|Any CPU
		{387B6F9C-056D-6452-685E-B3732D9A7173}.Release|Any CPU.ActiveCfg = Release|Any CPU
		{387B6F9C-056D-6452-685E-B3732D9A7173}.Release|Any CPU.Build.0 = Release|Any CPU
	EndGlobalSection
	GlobalSection(SolutionProperties) = preSolution
		HideSolutionNode = FALSE
	EndGlobalSection
	GlobalSection(ExtensibilityGlobals) = postSolution
		SolutionGuid = {E38A666F-C000-4A4F-ACE2-81F08F6712BD}
	EndGlobalSection
EndGlobal
